
Microsoft Visual Studio Solution File, Format Version 12.00
# Visual Studio Version 17
VisualStudioVersion = 17.9.34714.143
MinimumVisualStudioVersion = 10.0.40219.1
Project("{FAE04EC0-301F-11D3-BF4B-00C04F79EFBC}") = "RandomInfo", "RandomInfo\RandomInfo.csproj", "{83F558B3-2F6F-4BE7-9598-7F2F6F84DD25}"
EndProject
Global
	GlobalSection(SolutionConfigurationPlatforms) = preSolution
		Debug|Any CPU = Debug|Any CPU
		Release|Any CPU = Release|Any CPU
	EndGlobalSection
	GlobalSection(ProjectConfigurationPlatforms) = postSolution
		{83F558B3-2F6F-4BE7-9598-7F2F6F84DD25}.Debug|Any CPU.ActiveCfg = Debug|Any CPU
		{83F558B3-2F6F-4BE7-9598-7F2F6F84DD25}.Debug|Any CPU.Build.0 = Debug|Any CPU
		{83F558B3-2F6F-4BE7-9598-7F2F6F84DD25}.Release|Any CPU.ActiveCfg = Release|Any CPU
		{83F558B3-2F6F-4BE7-9598-7F2F6F84DD25}.Release|Any CPU.Build.0 = Release|Any CPU
	EndGlobalSection
	GlobalSection(SolutionProperties) = preSolution
		HideSolutionNode = FALSE
	EndGlobalSection
	GlobalSection(ExtensibilityGlobals) = postSolution
		SolutionGuid = {053F2355-88D3-4860-9712-6C60006F190F}
	EndGlobalSection
EndGlobal
